
Microsoft Visual Studio Solution File, Format Version 12.00
# Visual Studio Version 16
VisualStudioVersion = 16.0.29123.88
MinimumVisualStudioVersion = 10.0.40219.1
Project("{FAE04EC0-301F-11D3-BF4B-00C04F79EFBC}") = "FIT5032_Week05", "FIT5032_Week05\FIT5032_Week05.csproj", "{2B8AF1EA-D742-4ED7-B6A9-0E9F88F1680C}"
EndProject
Global
	GlobalSection(SolutionConfigurationPlatforms) = preSolution
		Debug|Any CPU = Debug|Any CPU
		Release|Any CPU = Release|Any CPU
	EndGlobalSection
	GlobalSection(ProjectConfigurationPlatforms) = postSolution
		{2B8AF1EA-D742-4ED7-B6A9-0E9F88F1680C}.Debug|Any CPU.ActiveCfg = Debug|Any CPU
		{2B8AF1EA-D742-4ED7-B6A9-0E9F88F1680C}.Debug|Any CPU.Build.0 = Debug|Any CPU
		{2B8AF1EA-D742-4ED7-B6A9-0E9F88F1680C}.Release|Any CPU.ActiveCfg = Release|Any CPU
		{2B8AF1EA-D742-4ED7-B6A9-0E9F88F1680C}.Release|Any CPU.Build.0 = Release|Any CPU
	EndGlobalSection
	GlobalSection(SolutionProperties) = preSolution
		HideSolutionNode = FALSE
	EndGlobalSection
	GlobalSection(ExtensibilityGlobals) = postSolution
		SolutionGuid = {D6DCF0BA-EF8D-4473-AC03-07FAF4BB0C9E}
	EndGlobalSection
EndGlobal
